
Microsoft Visual Studio Solution File, Format Version 12.00
# Visual Studio 14
VisualStudioVersion = 14.0.25420.1
MinimumVisualStudioVersion = 10.0.40219.1
Project("{8BB2217D-0F2D-49D1-97BC-3654ED321F3B}") = "RestBus.AspNet", "Frameworks\AspNet\RestBus.AspNet\RestBus.AspNet.xproj", "{3E4A99E2-391A-4D17-B0D3-15DEE6E045B6}"
EndProject
Project("{2150E333-8FDC-42A3-9474-1A3956D46DE8}") = "Solution Items", "Solution Items", "{9E0D2045-571A-49ED-A1B5-DBB936ED5CB7}"
	ProjectSection(SolutionItems) = preProject
		global.json = global.json
	EndProjectSection
EndProject
Project("{2150E333-8FDC-42A3-9474-1A3956D46DE8}") = "Tests", "Tests", "{C97A1E16-491C-4782-B607-101CECB7675E}"
EndProject
Project("{2150E333-8FDC-42A3-9474-1A3956D46DE8}") = "Exanples.Core", "Exanples.Core", "{8D5E1F65-0DBF-4F77-9540-F7C88949D57C}"
EndProject
Project("{8BB2217D-0F2D-49D1-97BC-3654ED321F3B}") = "RestBus.RabbitMQ", "Brokers\RabbitMQ\RestBus.RabbitMQ\RestBus.RabbitMQ.xproj", "{62F314D9-56D5-406E-8865-3DBF5453625D}"
EndProject
Project("{8BB2217D-0F2D-49D1-97BC-3654ED321F3B}") = "RestBus.Client", "Common\RestBus.Client\RestBus.Client.xproj", "{4A2B54B8-F44C-4A63-8B4E-7B5FE0C32D3B}"
EndProject
Project("{8BB2217D-0F2D-49D1-97BC-3654ED321F3B}") = "RestBus.Common", "Common\RestBus.Common\RestBus.Common.xproj", "{D602FB9E-BEB3-4EBD-A0BF-CA99BD87752C}"
EndProject
Project("{8BB2217D-0F2D-49D1-97BC-3654ED321F3B}") = "RestBusCoreTest", "Examples.Core\src\RestBusCoreTest\RestBusCoreTest.xproj", "{01458F82-3A20-4FA3-A5A7-951FD622BBB9}"
EndProject
Project("{8BB2217D-0F2D-49D1-97BC-3654ED321F3B}") = "RestBus.Client.Tests", "Tests\RestBus.Client.Tests\RestBus.Client.Tests.xproj", "{E6E627BE-0CA4-4296-B114-99F7F5E3783E}"
EndProject
Global
	GlobalSection(SolutionConfigurationPlatforms) = preSolution
		Debug|Any CPU = Debug|Any CPU
		Release|Any CPU = Release|Any CPU
	EndGlobalSection
	GlobalSection(ProjectConfigurationPlatforms) = postSolution
		{3E4A99E2-391A-4D17-B0D3-15DEE6E045B6}.Debug|Any CPU.ActiveCfg = Debug|Any CPU
		{3E4A99E2-391A-4D17-B0D3-15DEE6E045B6}.Debug|Any CPU.Build.0 = Debug|Any CPU
		{3E4A99E2-391A-4D17-B0D3-15DEE6E045B6}.Release|Any CPU.ActiveCfg = Release|Any CPU
		{3E4A99E2-391A-4D17-B0D3-15DEE6E045B6}.Release|Any CPU.Build.0 = Release|Any CPU
		{62F314D9-56D5-406E-8865-3DBF5453625D}.Debug|Any CPU.ActiveCfg = Debug|Any CPU
		{62F314D9-56D5-406E-8865-3DBF5453625D}.Debug|Any CPU.Build.0 = Debug|Any CPU
		{62F314D9-56D5-406E-8865-3DBF5453625D}.Release|Any CPU.ActiveCfg = Release|Any CPU
		{62F314D9-56D5-406E-8865-3DBF5453625D}.Release|Any CPU.Build.0 = Release|Any CPU
		{4A2B54B8-F44C-4A63-8B4E-7B5FE0C32D3B}.Debug|Any CPU.ActiveCfg = Debug|Any CPU
		{4A2B54B8-F44C-4A63-8B4E-7B5FE0C32D3B}.Debug|Any CPU.Build.0 = Debug|Any CPU
		{4A2B54B8-F44C-4A63-8B4E-7B5FE0C32D3B}.Release|Any CPU.ActiveCfg = Release|Any CPU
		{4A2B54B8-F44C-4A63-8B4E-7B5FE0C32D3B}.Release|Any CPU.Build.0 = Release|Any CPU
		{D602FB9E-BEB3-4EBD-A0BF-CA99BD87752C}.Debug|Any CPU.ActiveCfg = Debug|Any CPU
		{D602FB9E-BEB3-4EBD-A0BF-CA99BD87752C}.Debug|Any CPU.Build.0 = Debug|Any CPU
		{D602FB9E-BEB3-4EBD-A0BF-CA99BD87752C}.Release|Any CPU.ActiveCfg = Release|Any CPU
		{D602FB9E-BEB3-4EBD-A0BF-CA99BD87752C}.Release|Any CPU.Build.0 = Release|Any CPU
		{01458F82-3A20-4FA3-A5A7-951FD622BBB9}.Debug|Any CPU.ActiveCfg = Debug|Any CPU
		{01458F82-3A20-4FA3-A5A7-951FD622BBB9}.Debug|Any CPU.Build.0 = Debug|Any CPU
		{01458F82-3A20-4FA3-A5A7-951FD622BBB9}.Release|Any CPU.ActiveCfg = Release|Any CPU
		{01458F82-3A20-4FA3-A5A7-951FD622BBB9}.Release|Any CPU.Build.0 = Release|Any CPU
		{E6E627BE-0CA4-4296-B114-99F7F5E3783E}.Debug|Any CPU.ActiveCfg = Debug|Any CPU
		{E6E627BE-0CA4-4296-B114-99F7F5E3783E}.Debug|Any CPU.Build.0 = Debug|Any CPU
		{E6E627BE-0CA4-4296-B114-99F7F5E3783E}.Release|Any CPU.ActiveCfg = Release|Any CPU
		{E6E627BE-0CA4-4296-B114-99F7F5E3783E}.Release|Any CPU.Build.0 = Release|Any CPU
	EndGlobalSection
	GlobalSection(SolutionProperties) = preSolution
		HideSolutionNode = FALSE
	EndGlobalSection
	GlobalSection(NestedProjects) = preSolution
		{01458F82-3A20-4FA3-A5A7-951FD622BBB9} = {8D5E1F65-0DBF-4F77-9540-F7C88949D57C}
		{E6E627BE-0CA4-4296-B114-99F7F5E3783E} = {C97A1E16-491C-4782-B607-101CECB7675E}
	EndGlobalSection
EndGlobal
